
Microsoft Visual Studio Solution File, Format Version 12.00
# Visual Studio 15
VisualStudioVersion = 15.0.28307.852
MinimumVisualStudioVersion = 10.0.40219.1
Project("{FAE04EC0-301F-11D3-BF4B-00C04F79EFBC}") = "StateMachine", "StateMachine\StateMachine.csproj", "{A371045F-0828-45F8-B177-C36D7779EB36}"
EndProject
Global
	GlobalSection(SolutionConfigurationPlatforms) = preSolution
		Debug|Any CPU = Debug|Any CPU
		Release|Any CPU = Release|Any CPU
	EndGlobalSection
	GlobalSection(ProjectConfigurationPlatforms) = postSolution
		{A371045F-0828-45F8-B177-C36D7779EB36}.Debug|Any CPU.ActiveCfg = Debug|Any CPU
		{A371045F-0828-45F8-B177-C36D7779EB36}.Debug|Any CPU.Build.0 = Debug|Any CPU
		{A371045F-0828-45F8-B177-C36D7779EB36}.Release|Any CPU.ActiveCfg = Release|Any CPU
		{A371045F-0828-45F8-B177-C36D7779EB36}.Release|Any CPU.Build.0 = Release|Any CPU
	EndGlobalSection
	GlobalSection(SolutionProperties) = preSolution
		HideSolutionNode = FALSE
	EndGlobalSection
	GlobalSection(ExtensibilityGlobals) = postSolution
		SolutionGuid = {8BB9DAE5-F75F-43F6-8AC5-A79CE21544B6}
	EndGlobalSection
EndGlobal
